<?xml version="1.0" encoding="utf-8"?>
<Project ToolsVersion="4.0" xmlns="http://schemas.microsoft.com/developer/msbuild/2003">
  <ItemGroup>
    <ClCompile Include="src\testApp.cpp">
      <Filter>src</Filter>
    </ClCompile>
    <ClCompile Include="src\main.cpp">
      <Filter>src</Filter>
    </ClCompile>
    <ClCompile Include="..\..\..\addons\ofxBezel\src\ofxBezel.cpp">
      <Filter>addons\ofxBezel\src</Filter>
    </ClCompile>
  </ItemGroup>
  <ItemGroup>
    <Filter Include="src">
      <UniqueIdentifier>{d8376475-7454-4a24-b08a-aac121d3ad6f}</UniqueIdentifier>
    </Filter>
    <Filter Include="addons">
      <UniqueIdentifier>{71834f65-f3a9-211e-73b8-dc8563776aec}</UniqueIdentifier>
    </Filter>
    <Filter Include="addons\ofxBezel">
      <UniqueIdentifier>{59f4a875-87a0-3cfd-00f2-827e999a3df6}</UniqueIdentifier>
    </Filter>
    <Filter Include="addons\ofxBezel\src">
      <UniqueIdentifier>{7c152513-071c-56ea-3587-dc3611ba39da}</UniqueIdentifier>
    </Filter>
  </ItemGroup>
  <ItemGroup>
    <ClInclude Include="src\testApp.h">
      <Filter>src</Filter>
    </ClInclude>
    <ClInclude Include="..\..\..\addons\ofxBezel\src\ofxBezel.h">
      <Filter>addons\ofxBezel\src</Filter>
    </ClInclude>
  </ItemGroup>
</Project>